
Microsoft Visual Studio Solution File, Format Version 12.00
# Visual Studio Version 17
VisualStudioVersion = 17.5.33530.505
MinimumVisualStudioVersion = 10.0.40219.1
Project("{2150E333-8FDC-42A3-9474-1A3956D46DE8}") = "Solution Items", "Solution Items", "{4130D21C-FE8F-4925-93E7-217B4AF1B7D9}"
	ProjectSection(SolutionItems) = preProject
		.editorconfig = .editorconfig
		..\vers\changelog.md = ..\vers\changelog.md
		..\readme.md = ..\readme.md
		SmartAmbience.MvcSupport.nuspec = SmartAmbience.MvcSupport.nuspec
		SmartAmbience.nuspec = SmartAmbience.nuspec
	EndProjectSection
EndProject
Project("{2150E333-8FDC-42A3-9474-1A3956D46DE8}") = "src", "src", "{EFB5135D-039A-4D92-8FDD-9EA5D070F991}"
EndProject
Project("{2150E333-8FDC-42A3-9474-1A3956D46DE8}") = "targets", "targets", "{24674244-E4CB-4D13-A513-2F24C3FB13AD}"
EndProject
Project("{2150E333-8FDC-42A3-9474-1A3956D46DE8}") = "test", "test", "{C5272353-539E-4138-93FD-9DF437F6DA47}"
EndProject
Project("{D954291E-2A0B-460D-934E-DC6B0785DB48}") = "SmartAmbience", "src\SmartAmbience\SmartAmbience.shproj", "{CF0A161A-99BA-4F01-AF5E-16C6FCBC85AE}"
EndProject
Project("{9A19103F-16F7-4668-BE54-9A1E7A4F7556}") = "SmartAmbience.net5.0", "src\SmartAmbience.net5.0\SmartAmbience.net5.0.csproj", "{80A3546E-C58E-4664-8C5B-1196F3A2C4F9}"
EndProject
Project("{FAE04EC0-301F-11D3-BF4B-00C04F79EFBC}") = "SmartAmbience.net461", "src\SmartAmbience.net461\SmartAmbience.net461.csproj", "{B0BA06FE-6437-4B9E-8C76-3ADFC8D191D2}"
EndProject
Project("{9A19103F-16F7-4668-BE54-9A1E7A4F7556}") = "SmartAmbience.net6.0", "src\SmartAmbience.net6.0\SmartAmbience.net6.0.csproj", "{FA5ADB71-CA2D-4293-B22F-47E009980CF6}"
EndProject
Project("{9A19103F-16F7-4668-BE54-9A1E7A4F7556}") = "SmartAmbience.Tests", "test\SmartAmbience.Tests\SmartAmbience.Tests.csproj", "{D14C918F-D88A-4CF7-AAB3-5FEA31099F3C}"
EndProject
Project("{D954291E-2A0B-460D-934E-DC6B0785DB48}") = "SmartAmbience.MvcSupport", "src\SmartAmbience.MvcSupport\SmartAmbience.MvcSupport.shproj", "{CF0A161A-99BA-4F01-AF5E-16C6FCBC95AE}"
EndProject
Project("{9A19103F-16F7-4668-BE54-9A1E7A4F7556}") = "SmartAmbience.MvcSupport.net5.0", "src\SmartAmbience.MvcSupport.net5.0\SmartAmbience.MvcSupport.net5.0.csproj", "{586AD85E-9E2C-4DB2-923E-90F014B9E8A6}"
EndProject
Project("{9A19103F-16F7-4668-BE54-9A1E7A4F7556}") = "SmartAmbience.MvcSupport.net6.0", "src\SmartAmbience.MvcSupport.net6.0\SmartAmbience.MvcSupport.net6.0.csproj", "{750CCBA1-1C77-497F-B816-CEB98EC12BE5}"
EndProject
Project("{FAE04EC0-301F-11D3-BF4B-00C04F79EFBC}") = "SmartAmbience.MvcSupport.net461", "src\SmartAmbience.MvcSupport.net461\SmartAmbience.MvcSupport.net461.csproj", "{E106EE8A-87A2-4423-8A7D-93DFC12AB396}"
EndProject
Global
	GlobalSection(SolutionConfigurationPlatforms) = preSolution
		Debug|Any CPU = Debug|Any CPU
		Release|Any CPU = Release|Any CPU
	EndGlobalSection
	GlobalSection(ProjectConfigurationPlatforms) = postSolution
		{80A3546E-C58E-4664-8C5B-1196F3A2C4F9}.Debug|Any CPU.ActiveCfg = Debug|Any CPU
		{80A3546E-C58E-4664-8C5B-1196F3A2C4F9}.Debug|Any CPU.Build.0 = Debug|Any CPU
		{80A3546E-C58E-4664-8C5B-1196F3A2C4F9}.Release|Any CPU.ActiveCfg = Release|Any CPU
		{80A3546E-C58E-4664-8C5B-1196F3A2C4F9}.Release|Any CPU.Build.0 = Release|Any CPU
		{B0BA06FE-6437-4B9E-8C76-3ADFC8D191D2}.Debug|Any CPU.ActiveCfg = Debug|Any CPU
		{B0BA06FE-6437-4B9E-8C76-3ADFC8D191D2}.Debug|Any CPU.Build.0 = Debug|Any CPU
		{B0BA06FE-6437-4B9E-8C76-3ADFC8D191D2}.Release|Any CPU.ActiveCfg = Release|Any CPU
		{B0BA06FE-6437-4B9E-8C76-3ADFC8D191D2}.Release|Any CPU.Build.0 = Release|Any CPU
		{FA5ADB71-CA2D-4293-B22F-47E009980CF6}.Debug|Any CPU.ActiveCfg = Debug|Any CPU
		{FA5ADB71-CA2D-4293-B22F-47E009980CF6}.Debug|Any CPU.Build.0 = Debug|Any CPU
		{FA5ADB71-CA2D-4293-B22F-47E009980CF6}.Release|Any CPU.ActiveCfg = Release|Any CPU
		{FA5ADB71-CA2D-4293-B22F-47E009980CF6}.Release|Any CPU.Build.0 = Release|Any CPU
		{D14C918F-D88A-4CF7-AAB3-5FEA31099F3C}.Debug|Any CPU.ActiveCfg = Debug|Any CPU
		{D14C918F-D88A-4CF7-AAB3-5FEA31099F3C}.Debug|Any CPU.Build.0 = Debug|Any CPU
		{D14C918F-D88A-4CF7-AAB3-5FEA31099F3C}.Release|Any CPU.ActiveCfg = Release|Any CPU
		{D14C918F-D88A-4CF7-AAB3-5FEA31099F3C}.Release|Any CPU.Build.0 = Release|Any CPU
		{586AD85E-9E2C-4DB2-923E-90F014B9E8A6}.Debug|Any CPU.ActiveCfg = Debug|Any CPU
		{586AD85E-9E2C-4DB2-923E-90F014B9E8A6}.Debug|Any CPU.Build.0 = Debug|Any CPU
		{586AD85E-9E2C-4DB2-923E-90F014B9E8A6}.Release|Any CPU.ActiveCfg = Release|Any CPU
		{586AD85E-9E2C-4DB2-923E-90F014B9E8A6}.Release|Any CPU.Build.0 = Release|Any CPU
		{750CCBA1-1C77-497F-B816-CEB98EC12BE5}.Debug|Any CPU.ActiveCfg = Debug|Any CPU
		{750CCBA1-1C77-497F-B816-CEB98EC12BE5}.Debug|Any CPU.Build.0 = Debug|Any CPU
		{750CCBA1-1C77-497F-B816-CEB98EC12BE5}.Release|Any CPU.ActiveCfg = Release|Any CPU
		{750CCBA1-1C77-497F-B816-CEB98EC12BE5}.Release|Any CPU.Build.0 = Release|Any CPU
		{E106EE8A-87A2-4423-8A7D-93DFC12AB396}.Debug|Any CPU.ActiveCfg = Debug|Any CPU
		{E106EE8A-87A2-4423-8A7D-93DFC12AB396}.Debug|Any CPU.Build.0 = Debug|Any CPU
		{E106EE8A-87A2-4423-8A7D-93DFC12AB396}.Release|Any CPU.ActiveCfg = Release|Any CPU
		{E106EE8A-87A2-4423-8A7D-93DFC12AB396}.Release|Any CPU.Build.0 = Release|Any CPU
	EndGlobalSection
	GlobalSection(SolutionProperties) = preSolution
		HideSolutionNode = FALSE
	EndGlobalSection
	GlobalSection(NestedProjects) = preSolution
		{24674244-E4CB-4D13-A513-2F24C3FB13AD} = {EFB5135D-039A-4D92-8FDD-9EA5D070F991}
		{CF0A161A-99BA-4F01-AF5E-16C6FCBC85AE} = {EFB5135D-039A-4D92-8FDD-9EA5D070F991}
		{80A3546E-C58E-4664-8C5B-1196F3A2C4F9} = {24674244-E4CB-4D13-A513-2F24C3FB13AD}
		{B0BA06FE-6437-4B9E-8C76-3ADFC8D191D2} = {24674244-E4CB-4D13-A513-2F24C3FB13AD}
		{FA5ADB71-CA2D-4293-B22F-47E009980CF6} = {24674244-E4CB-4D13-A513-2F24C3FB13AD}
		{D14C918F-D88A-4CF7-AAB3-5FEA31099F3C} = {C5272353-539E-4138-93FD-9DF437F6DA47}
		{CF0A161A-99BA-4F01-AF5E-16C6FCBC95AE} = {EFB5135D-039A-4D92-8FDD-9EA5D070F991}
		{586AD85E-9E2C-4DB2-923E-90F014B9E8A6} = {24674244-E4CB-4D13-A513-2F24C3FB13AD}
		{750CCBA1-1C77-497F-B816-CEB98EC12BE5} = {24674244-E4CB-4D13-A513-2F24C3FB13AD}
		{E106EE8A-87A2-4423-8A7D-93DFC12AB396} = {24674244-E4CB-4D13-A513-2F24C3FB13AD}
	EndGlobalSection
	GlobalSection(ExtensibilityGlobals) = postSolution
		SolutionGuid = {D2F37C1D-32F0-4BF2-AAEB-46B9D8C07D23}
	EndGlobalSection
	GlobalSection(SharedMSBuildProjectFiles) = preSolution
		src\SmartAmbience.MvcSupport\SmartAmbience.MvcSupport.projitems*{586ad85e-9e2c-4db2-923e-90f014b9e8a6}*SharedItemsImports = 5
		src\SmartAmbience.MvcSupport\SmartAmbience.MvcSupport.projitems*{750ccba1-1c77-497f-b816-ceb98ec12be5}*SharedItemsImports = 5
		src\SmartAmbience\SmartAmbience.projitems*{80a3546e-c58e-4664-8c5b-1196f3a2c4f9}*SharedItemsImports = 5
		src\SmartAmbience\SmartAmbience.projitems*{b0ba06fe-6437-4b9e-8c76-3adfc8d191d2}*SharedItemsImports = 4
		src\SmartAmbience\SmartAmbience.projitems*{cf0a161a-99ba-4f01-af5e-16c6fcbc85ae}*SharedItemsImports = 13
		src\SmartAmbience.MvcSupport\SmartAmbience.MvcSupport.projitems*{cf0a161a-99ba-4f01-af5e-16c6fcbc95ae}*SharedItemsImports = 13
		src\SmartAmbience.MvcSupport\SmartAmbience.MvcSupport.projitems*{e106ee8a-87a2-4423-8a7d-93dfc12ab396}*SharedItemsImports = 4
		src\SmartAmbience\SmartAmbience.projitems*{fa5adb71-ca2d-4293-b22f-47e009980cf6}*SharedItemsImports = 5
	EndGlobalSection
EndGlobal
